{
  "name": "learn-apg-exp",
  "version": "1.0.0",
  "lockfileVersion": 1,
  "requires": true,
  "dependencies": {
    "apg-api": {
      "version": "1.0.0",
      "resolved": "https://registry.npmjs.org/apg-api/-/apg-api-1.0.0.tgz",
      "integrity": "sha1-Qk3iuthC0J25uN6+2Yvfv3v98kU=",
      "requires": {
        "apg-conv-api": "1.0.x",
        "apg-lib": "3.1.x"
      }
    },
    "apg-conv-api": {
      "version": "1.0.0",
      "resolved": "https://registry.npmjs.org/apg-conv-api/-/apg-conv-api-1.0.0.tgz",
      "integrity": "sha1-JoUH7ah8+YGt1++L1oYm9W2tgzE="
    },
    "apg-exp": {
      "version": "2.1.0",
      "resolved": "https://registry.npmjs.org/apg-exp/-/apg-exp-2.1.0.tgz",
      "integrity": "sha1-dAkma2g+mARefjg0BB1lM/qSkbQ=",
      "requires": {
        "apg-api": "1.0.x",
        "apg-lib": "3.1.x"
      }
    },
    "apg-lib": {
      "version": "3.1.0",
      "resolved": "https://registry.npmjs.org/apg-lib/-/apg-lib-3.1.0.tgz",
      "integrity": "sha1-sU9WFfG0X26B8B+4GWzCqp+I3ro=",
      "requires": {
        "apg-conv-api": "1.0.x"
      }
    },
    "minimist": {
      "version": "1.2.0",
      "resolved": "https://registry.npmjs.org/minimist/-/minimist-1.2.0.tgz",
      "integrity": "sha1-o1AIsg9BOD7sH7kU9M1d95omQoQ="
    }
  }
}
